<?xml version="1.0" encoding="utf-8"?>
<Project ToolsVersion="4.0" xmlns="http://schemas.microsoft.com/developer/msbuild/2003">
  <ItemGroup>
    <Filter Include="Game">
      <UniqueIdentifier>{68ddafa6-4182-4db2-8421-e164f09beebe}</UniqueIdentifier>
    </Filter>
    <Filter Include="Sample">
      <UniqueIdentifier>{2df9a5cf-c77a-4ba9-9673-d1997b45c669}</UniqueIdentifier>
    </Filter>
    <Filter Include="Sample\AnimationSample">
      <UniqueIdentifier>{846747f4-d180-47c6-bccc-ee5d610fdf9a}</UniqueIdentifier>
    </Filter>
    <Filter Include="Sample\XMLSample">
      <UniqueIdentifier>{b26bc4e7-441d-41c1-a3e9-7274887b8b9a}</UniqueIdentifier>
    </Filter>
    <Filter Include="Sample\SpriteAtlasSample">
      <UniqueIdentifier>{70c18ecf-4e44-44f3-96b0-994a9bba1472}</UniqueIdentifier>
    </Filter>
    <Filter Include="Sample\CameraSample">
      <UniqueIdentifier>{c93dd7c7-2beb-40be-a5e9-aae482e87701}</UniqueIdentifier>
    </Filter>
    <Filter Include="Sample\FMODSoundSample">
      <UniqueIdentifier>{087f1e9d-685d-453d-8d4f-c4e2d6197c9f}</UniqueIdentifier>
    </Filter>
    <Filter Include="Sample\ParticleSample">
      <UniqueIdentifier>{de20fdae-17fb-4ab0-b6cc-3829145f30df}</UniqueIdentifier>
    </Filter>
    <Filter Include="Sample\NetworkSample">
      <UniqueIdentifier>{7a560de2-6167-4807-b446-266770bb61a7}</UniqueIdentifier>
    </Filter>
    <Filter Include="Game\Packet">
      <UniqueIdentifier>{d70a5eb2-6595-4b07-b909-2563bc511657}</UniqueIdentifier>
    </Filter>
    <Filter Include="Game\Scene">
      <UniqueIdentifier>{ac582ca9-46ee-4c18-8957-93d37e4e6364}</UniqueIdentifier>
    </Filter>
    <Filter Include="Game\Scene\GameScene">
      <UniqueIdentifier>{1d736eb5-3dd7-4637-ad1a-c1bcebf8ce6b}</UniqueIdentifier>
    </Filter>
    <Filter Include="Game\Packet\UserSession">
      <UniqueIdentifier>{686e86b0-6788-4ab1-ba51-d6c4e0c84f39}</UniqueIdentifier>
    </Filter>
    <Filter Include="Game\Packet\Default">
      <UniqueIdentifier>{f905fb61-8172-4ac1-ac55-941446c21afe}</UniqueIdentifier>
    </Filter>
    <Filter Include="Game\Packet\KeyState">
      <UniqueIdentifier>{d412ab81-16ec-448c-8ad1-2a2234522e3c}</UniqueIdentifier>
    </Filter>
    <Filter Include="Game\Scene\StoryScene">
      <UniqueIdentifier>{1a663b57-cc6c-4270-92fa-1ff8c2d43ee7}</UniqueIdentifier>
    </Filter>
    <Filter Include="Game\Scene\GameScene\Object">
      <UniqueIdentifier>{ccb01694-9494-4242-b02c-c71a71f6615f}</UniqueIdentifier>
    </Filter>
    <Filter Include="Game\Scene\GameScene\Object\Map">
      <UniqueIdentifier>{d2a149d7-980f-464f-907f-90fc30516291}</UniqueIdentifier>
    </Filter>
    <Filter Include="Game\Scene\GameScene\Object\Player">
      <UniqueIdentifier>{fd566671-25a6-4859-8b77-edbba2cd0e83}</UniqueIdentifier>
    </Filter>
    <Filter Include="Game\Scene\GameScene\Object\PlayerManager">
      <UniqueIdentifier>{6593cd22-9563-46cf-8c50-20bc7d2e332f}</UniqueIdentifier>
    </Filter>
    <Filter Include="Game\Scene\StoryScene\Object">
      <UniqueIdentifier>{759f7009-aa0a-4e94-80b2-ce93a1000eac}</UniqueIdentifier>
    </Filter>
    <Filter Include="Game\Scene\StoryScene\Object\StoryCut">
      <UniqueIdentifier>{572f77ef-553c-43eb-88ac-5baf241838f0}</UniqueIdentifier>
    </Filter>
    <Filter Include="Game\Scene\StoryScene\Object\StoryCut\FirstCut">
      <UniqueIdentifier>{8dc7f054-bd56-448d-a17b-ab8f11f3e5a3}</UniqueIdentifier>
    </Filter>
    <Filter Include="Game\Scene\GameScene\Object\Player\PlayerUI">
      <UniqueIdentifier>{cf02cf55-c6ec-4a6f-b586-47b26fd632f2}</UniqueIdentifier>
    </Filter>
    <Filter Include="Game\Scene\MainMenuScene">
      <UniqueIdentifier>{96248d79-1519-44dd-98eb-d2c32d98fb84}</UniqueIdentifier>
    </Filter>
    <Filter Include="Game\Scene\GameScene\UI">
      <UniqueIdentifier>{79ffcc91-c04f-4c4f-9c9e-9c8db75f4648}</UniqueIdentifier>
    </Filter>
    <Filter Include="Game\Scene\IntroSecne">
      <UniqueIdentifier>{b184ee9d-ecea-4992-b705-eb178ddd099e}</UniqueIdentifier>
    </Filter>
    <Filter Include="Game\Scene\StoryScene\Object\StoryCut\ThirdCut">
      <UniqueIdentifier>{56998a35-258b-4398-bcbb-cbc03e5853ed}</UniqueIdentifier>
    </Filter>
    <Filter Include="Game\Scene\StoryScene\Object\StoryCut\SecondCut">
      <UniqueIdentifier>{d3ea04be-6e64-40a2-a3b5-e02af84495d9}</UniqueIdentifier>
    </Filter>
    <Filter Include="Game\Scene\StoryScene\Object\StoryCut\FourthCut">
      <UniqueIdentifier>{8bd7c032-381e-45d8-a8e9-c54378d41cac}</UniqueIdentifier>
    </Filter>
    <Filter Include="Game\Scene\StoryScene\Object\StoryCut\FifthCut">
      <UniqueIdentifier>{d5d5e4da-1ef6-4461-8bd8-3ec5f686903a}</UniqueIdentifier>
    </Filter>
    <Filter Include="Game\Scene\GameScene\Object\EffectManager">
      <UniqueIdentifier>{608ff5a0-8bd6-4813-9f3d-8eb5bd624b69}</UniqueIdentifier>
    </Filter>
    <Filter Include="Game\Scene\GameScene\Object\EffectManager\Effect">
      <UniqueIdentifier>{f53209ad-a534-4264-9209-a06208ba21b0}</UniqueIdentifier>
    </Filter>
    <Filter Include="Game\Scene\GameScene\Object\EffectManager\Effect\TypeEffect">
      <UniqueIdentifier>{b6f08b70-e03a-482b-8692-b0a754098890}</UniqueIdentifier>
    </Filter>
    <Filter Include="Game\Scene\GameScene\Object\EffectManager\Effect\UserEffect">
      <UniqueIdentifier>{580038f1-fde1-47ba-95af-4c3d809f4cf8}</UniqueIdentifier>
    </Filter>
  </ItemGroup>
  <ItemGroup>
    <ClCompile Include="Main.cpp" />
    <ClCompile Include="AnimationSample.cpp">
      <Filter>Sample\AnimationSample</Filter>
    </ClCompile>
    <ClCompile Include="SampleScene.cpp">
      <Filter>Sample</Filter>
    </ClCompile>
    <ClCompile Include="XMLSample.cpp">
      <Filter>Sample\XMLSample</Filter>
    </ClCompile>
    <ClCompile Include="SpriteAtlasSample.cpp">
      <Filter>Sample\SpriteAtlasSample</Filter>
    </ClCompile>
    <ClCompile Include="CameraSample.cpp">
      <Filter>Sample\CameraSample</Filter>
    </ClCompile>
    <ClCompile Include="FMODSoundSample.cpp">
      <Filter>Sample\FMODSoundSample</Filter>
    </ClCompile>
    <ClCompile Include="ParticleSample.cpp">
      <Filter>Sample\ParticleSample</Filter>
    </ClCompile>
    <ClCompile Include="NetworkSample.cpp">
      <Filter>Sample\NetworkSample</Filter>
    </ClCompile>
    <ClCompile Include="Player.cpp">
      <Filter>Game\Scene\GameScene\Object\Player</Filter>
    </ClCompile>
    <ClCompile Include="PlayerManager.cpp">
      <Filter>Game\Scene\GameScene\Object\PlayerManager</Filter>
    </ClCompile>
    <ClCompile Include="GameMap.cpp">
      <Filter>Game\Scene\GameScene\Object\Map</Filter>
    </ClCompile>
    <ClCompile Include="GameScene.cpp">
      <Filter>Game\Scene\GameScene</Filter>
    </ClCompile>
    <ClCompile Include="LogoutHandler.cpp">
      <Filter>Game\Packet\UserSession</Filter>
    </ClCompile>
    <ClCompile Include="LoginBroadcastHandler.cpp">
      <Filter>Game\Packet\UserSession</Filter>
    </ClCompile>
    <ClCompile Include="LoginHandler.cpp">
      <Filter>Game\Packet\UserSession</Filter>
    </ClCompile>
    <ClCompile Include="GameKeyStatesUpdateHandler.cpp">
      <Filter>Game\Packet\KeyState</Filter>
    </ClCompile>
    <ClCompile Include="MouseAngleUpdateHandler.cpp">
      <Filter>Game\Packet\KeyState</Filter>
    </ClCompile>
    <ClCompile Include="StoryScene.cpp">
      <Filter>Game\Scene\StoryScene</Filter>
    </ClCompile>
    <ClCompile Include="FirstCut.cpp">
      <Filter>Game\Scene\StoryScene\Object\StoryCut\FirstCut</Filter>
    </ClCompile>
    <ClCompile Include="SecondCut.cpp">
      <Filter>Game\Scene\StoryScene\Object\StoryCut\SecondCut</Filter>
    </ClCompile>
    <ClCompile Include="PlayerUI.cpp">
      <Filter>Game\Scene\GameScene\Object\Player\PlayerUI</Filter>
    </ClCompile>
    <ClCompile Include="MainMenuScene.cpp">
      <Filter>Game\Scene\MainMenuScene</Filter>
    </ClCompile>
    <ClCompile Include="GameUISet.cpp">
      <Filter>Game\Scene\GameScene\UI</Filter>
    </ClCompile>
    <ClCompile Include="HPUpdateHandler.cpp">
      <Filter>Game\Packet\KeyState</Filter>
    </ClCompile>
    <ClCompile Include="IntroScene.cpp">
      <Filter>Game\Scene\IntroSecne</Filter>
    </ClCompile>
    <ClCompile Include="ThirdCut.cpp">
      <Filter>Game\Scene\StoryScene\Object\StoryCut\ThirdCut</Filter>
    </ClCompile>
    <ClCompile Include="FourthCut.cpp">
      <Filter>Game\Scene\StoryScene\Object\StoryCut\FourthCut</Filter>
    </ClCompile>
    <ClCompile Include="FifthCut.cpp">
      <Filter>Game\Scene\StoryScene\Object\StoryCut\FifthCut</Filter>
    </ClCompile>
    <ClCompile Include="EffectManager.cpp">
      <Filter>Game\Scene\GameScene\Object\EffectManager</Filter>
    </ClCompile>
    <ClCompile Include="Effect.cpp">
      <Filter>Game\Scene\GameScene\Object\EffectManager\Effect</Filter>
    </ClCompile>
    <ClCompile Include="UserEffect.cpp">
      <Filter>Game\Scene\GameScene\Object\EffectManager\Effect\UserEffect</Filter>
    </ClCompile>
    <ClCompile Include="TypeEffect.cpp">
      <Filter>Game\Scene\GameScene\Object\EffectManager\Effect\TypeEffect</Filter>
    </ClCompile>
  </ItemGroup>
  <ItemGroup>
    <ClInclude Include="AnimationSample.h">
      <Filter>Sample\AnimationSample</Filter>
    </ClInclude>
    <ClInclude Include="SampleScene.h">
      <Filter>Sample</Filter>
    </ClInclude>
    <ClInclude Include="XMLSample.h">
      <Filter>Sample\XMLSample</Filter>
    </ClInclude>
    <ClInclude Include="SpriteAtlasSample.h">
      <Filter>Sample\SpriteAtlasSample</Filter>
    </ClInclude>
    <ClInclude Include="CameraSample.h">
      <Filter>Sample\CameraSample</Filter>
    </ClInclude>
    <ClInclude Include="FMODSoundSample.h">
      <Filter>Sample\FMODSoundSample</Filter>
    </ClInclude>
    <ClInclude Include="ParticleSample.h">
      <Filter>Sample\ParticleSample</Filter>
    </ClInclude>
    <ClInclude Include="NetworkSample.h">
      <Filter>Sample\NetworkSample</Filter>
    </ClInclude>
    <ClInclude Include="Player.h">
      <Filter>Game\Scene\GameScene\Object\Player</Filter>
    </ClInclude>
    <ClInclude Include="PlayerManager.h">
      <Filter>Game\Scene\GameScene\Object\PlayerManager</Filter>
    </ClInclude>
    <ClInclude Include="GameMap.h">
      <Filter>Game\Scene\GameScene\Object\Map</Filter>
    </ClInclude>
    <ClInclude Include="GameScene.h">
      <Filter>Game\Scene\GameScene</Filter>
    </ClInclude>
    <ClInclude Include="PacketType.h">
      <Filter>Game\Packet\Default</Filter>
    </ClInclude>
    <ClInclude Include="PacketHandler.h">
      <Filter>Game\Packet\Default</Filter>
    </ClInclude>
    <ClInclude Include="StoryScene.h">
      <Filter>Game\Scene\StoryScene</Filter>
    </ClInclude>
    <ClInclude Include="StoryCut.h">
      <Filter>Game\Scene\StoryScene\Object\StoryCut</Filter>
    </ClInclude>
    <ClInclude Include="FirstCut.h">
      <Filter>Game\Scene\StoryScene\Object\StoryCut\FirstCut</Filter>
    </ClInclude>
    <ClInclude Include="SecondCut.h">
      <Filter>Game\Scene\StoryScene\Object\StoryCut\SecondCut</Filter>
    </ClInclude>
    <ClInclude Include="PlayerUI.h">
      <Filter>Game\Scene\GameScene\Object\Player\PlayerUI</Filter>
    </ClInclude>
    <ClInclude Include="MainMenuScene.h">
      <Filter>Game\Scene\MainMenuScene</Filter>
    </ClInclude>
    <ClInclude Include="GameUISet.h">
      <Filter>Game\Scene\GameScene\UI</Filter>
    </ClInclude>
    <ClInclude Include="IntroScene.h">
      <Filter>Game\Scene\IntroSecne</Filter>
    </ClInclude>
    <ClInclude Include="ThirdCut.h">
      <Filter>Game\Scene\StoryScene\Object\StoryCut\ThirdCut</Filter>
    </ClInclude>
    <ClInclude Include="FourthCut.h">
      <Filter>Game\Scene\StoryScene\Object\StoryCut\FourthCut</Filter>
    </ClInclude>
    <ClInclude Include="FifthCut.h">
      <Filter>Game\Scene\StoryScene\Object\StoryCut\FifthCut</Filter>
    </ClInclude>
    <ClInclude Include="EffectManager.h">
      <Filter>Game\Scene\GameScene\Object\EffectManager</Filter>
    </ClInclude>
    <ClInclude Include="Effect.h">
      <Filter>Game\Scene\GameScene\Object\EffectManager\Effect</Filter>
    </ClInclude>
    <ClInclude Include="UserEffect.h">
      <Filter>Game\Scene\GameScene\Object\EffectManager\Effect\UserEffect</Filter>
    </ClInclude>
    <ClInclude Include="TypeEffect.h">
      <Filter>Game\Scene\GameScene\Object\EffectManager\Effect\TypeEffect</Filter>
    </ClInclude>
  </ItemGroup>
</Project>