<?xml version="1.0" encoding="utf-8"?>
<Project ToolsVersion="4.0" xmlns="http://schemas.microsoft.com/developer/msbuild/2003">
  <ItemGroup>
    <CustomBuild Include="C:\Users\Sun-hyoup\Desktop\firebreath\src\PluginAuto\CMakeLists.txt" />
    <CustomBuild Include="..\..\..\CMakeFiles\5735e1a087e4d2490f23d2f2df4202ad\ALL_BUILD.rule">
      <Filter>CMake Rules</Filter>
    </CustomBuild>
  </ItemGroup>
  <ItemGroup>
    <None Include="CMakeFiles\ALL_BUILD" />
  </ItemGroup>
  <ItemGroup>
    <Filter Include="CMake Rules">
      <UniqueIdentifier>{05D05388-FDB7-41D0-BFA6-6C2A42924357}</UniqueIdentifier>
    </Filter>
  </ItemGroup>
</Project>
