Microsoft Visual Studio Solution File, Format Version 12.00
# Visual Studio 2012
Project("{8BC9CEB8-8B4A-11D0-8D11-00A0C91BC942}") = "ALL_BUILD", "ALL_BUILD.vcxproj", "{1C976602-3737-463D-B07D-4A805EB3433F}"
	ProjectSection(ProjectDependencies) = postProject
		{360D483C-D5EE-4B18-9EDA-B4EC874D696E} = {360D483C-D5EE-4B18-9EDA-B4EC874D696E}
	EndProjectSection
EndProject
Project("{8BC9CEB8-8B4A-11D0-8D11-00A0C91BC942}") = "ActiveXCore", "..\..\ActiveXCore\ActiveXCore.vcxproj", "{BDFFAB89-3D65-4FE0-8B31-D697CB33E195}"
	ProjectSection(ProjectDependencies) = postProject
		{0CA5C69B-34F9-4FA4-9441-4F040CD11617} = {0CA5C69B-34F9-4FA4-9441-4F040CD11617}
		{975246F0-7B93-436E-990E-24CB2F46EFD9} = {975246F0-7B93-436E-990E-24CB2F46EFD9}
		{A992F368-B54D-4BB1-AA05-D137BA794B1D} = {A992F368-B54D-4BB1-AA05-D137BA794B1D}
		{C621DD89-8139-4EBA-8B93-3DA17C98BFBD} = {C621DD89-8139-4EBA-8B93-3DA17C98BFBD}
		{42CD77EC-DF5F-4111-BD0B-66F84D29F5D8} = {42CD77EC-DF5F-4111-BD0B-66F84D29F5D8}
	EndProjectSection
EndProject
Project("{8BC9CEB8-8B4A-11D0-8D11-00A0C91BC942}") = "CSM_PluginAuto", "PluginAuto\CSM_PluginAuto.vcxproj", "{F149D8D4-F5B6-40F6-9EA9-DCF49DC8E403}"
	ProjectSection(ProjectDependencies) = postProject
		{A992F368-B54D-4BB1-AA05-D137BA794B1D} = {A992F368-B54D-4BB1-AA05-D137BA794B1D}
	EndProjectSection
EndProject
Project("{8BC9CEB8-8B4A-11D0-8D11-00A0C91BC942}") = "NpapiCore", "..\..\NpapiCore\NpapiCore.vcxproj", "{35D40177-E18D-4905-AA0A-A906955D9106}"
	ProjectSection(ProjectDependencies) = postProject
		{A992F368-B54D-4BB1-AA05-D137BA794B1D} = {A992F368-B54D-4BB1-AA05-D137BA794B1D}
		{C621DD89-8139-4EBA-8B93-3DA17C98BFBD} = {C621DD89-8139-4EBA-8B93-3DA17C98BFBD}
		{42CD77EC-DF5F-4111-BD0B-66F84D29F5D8} = {42CD77EC-DF5F-4111-BD0B-66F84D29F5D8}
	EndProjectSection
EndProject
Project("{8BC9CEB8-8B4A-11D0-8D11-00A0C91BC942}") = "PluginCore", "..\..\PluginCore\PluginCore.vcxproj", "{0CA5C69B-34F9-4FA4-9441-4F040CD11617}"
	ProjectSection(ProjectDependencies) = postProject
		{A992F368-B54D-4BB1-AA05-D137BA794B1D} = {A992F368-B54D-4BB1-AA05-D137BA794B1D}
	EndProjectSection
EndProject
Project("{8BC9CEB8-8B4A-11D0-8D11-00A0C91BC942}") = "ScriptingCore", "..\..\ScriptingCore\ScriptingCore.vcxproj", "{975246F0-7B93-436E-990E-24CB2F46EFD9}"
	ProjectSection(ProjectDependencies) = postProject
		{A992F368-B54D-4BB1-AA05-D137BA794B1D} = {A992F368-B54D-4BB1-AA05-D137BA794B1D}
		{C621DD89-8139-4EBA-8B93-3DA17C98BFBD} = {C621DD89-8139-4EBA-8B93-3DA17C98BFBD}
		{42CD77EC-DF5F-4111-BD0B-66F84D29F5D8} = {42CD77EC-DF5F-4111-BD0B-66F84D29F5D8}
	EndProjectSection
EndProject
Project("{8BC9CEB8-8B4A-11D0-8D11-00A0C91BC942}") = "ZERO_CHECK", "..\..\ZERO_CHECK.vcxproj", "{A992F368-B54D-4BB1-AA05-D137BA794B1D}"
	ProjectSection(ProjectDependencies) = postProject
	EndProjectSection
EndProject
Project("{8BC9CEB8-8B4A-11D0-8D11-00A0C91BC942}") = "boost_system", "..\..\boost\libs\system\boost_system.vcxproj", "{C621DD89-8139-4EBA-8B93-3DA17C98BFBD}"
	ProjectSection(ProjectDependencies) = postProject
		{A992F368-B54D-4BB1-AA05-D137BA794B1D} = {A992F368-B54D-4BB1-AA05-D137BA794B1D}
	EndProjectSection
EndProject
Project("{8BC9CEB8-8B4A-11D0-8D11-00A0C91BC942}") = "boost_thread", "..\..\boost\libs\thread\boost_thread.vcxproj", "{42CD77EC-DF5F-4111-BD0B-66F84D29F5D8}"
	ProjectSection(ProjectDependencies) = postProject
		{A992F368-B54D-4BB1-AA05-D137BA794B1D} = {A992F368-B54D-4BB1-AA05-D137BA794B1D}
	EndProjectSection
EndProject
Project("{8BC9CEB8-8B4A-11D0-8D11-00A0C91BC942}") = "csm", "csm.vcxproj", "{360D483C-D5EE-4B18-9EDA-B4EC874D696E}"
	ProjectSection(ProjectDependencies) = postProject
		{BDFFAB89-3D65-4FE0-8B31-D697CB33E195} = {BDFFAB89-3D65-4FE0-8B31-D697CB33E195}
		{F149D8D4-F5B6-40F6-9EA9-DCF49DC8E403} = {F149D8D4-F5B6-40F6-9EA9-DCF49DC8E403}
		{35D40177-E18D-4905-AA0A-A906955D9106} = {35D40177-E18D-4905-AA0A-A906955D9106}
		{0CA5C69B-34F9-4FA4-9441-4F040CD11617} = {0CA5C69B-34F9-4FA4-9441-4F040CD11617}
		{975246F0-7B93-436E-990E-24CB2F46EFD9} = {975246F0-7B93-436E-990E-24CB2F46EFD9}
		{A992F368-B54D-4BB1-AA05-D137BA794B1D} = {A992F368-B54D-4BB1-AA05-D137BA794B1D}
		{C621DD89-8139-4EBA-8B93-3DA17C98BFBD} = {C621DD89-8139-4EBA-8B93-3DA17C98BFBD}
		{42CD77EC-DF5F-4111-BD0B-66F84D29F5D8} = {42CD77EC-DF5F-4111-BD0B-66F84D29F5D8}
	EndProjectSection
EndProject
Project("{2150E333-8FDC-42A3-9474-1A3956D46DE8}") = "CMakePredefinedTargets", "CMakePredefinedTargets", "{D864819A-DDAA-42C6-A339-773C06A34DC1}"
EndProject
Project("{2150E333-8FDC-42A3-9474-1A3956D46DE8}") = "FireBreath Core", "FireBreath Core", "{DD78F875-4AB5-4816-994D-7CA04A2EF911}"
EndProject
Project("{2150E333-8FDC-42A3-9474-1A3956D46DE8}") = "FireBreath Generated", "FireBreath Generated", "{316F10BA-4DD4-401A-A777-EBFD9AF708A7}"
EndProject
Project("{2150E333-8FDC-42A3-9474-1A3956D46DE8}") = "Libraries", "Libraries", "{9FFB1AF3-EF82-4DA6-BB96-40AB58D86834}"
EndProject
Global
	GlobalSection(SolutionConfigurationPlatforms) = preSolution
		Debug|Win32 = Debug|Win32
		Release|Win32 = Release|Win32
		MinSizeRel|Win32 = MinSizeRel|Win32
		RelWithDebInfo|Win32 = RelWithDebInfo|Win32
	EndGlobalSection
	GlobalSection(ProjectConfigurationPlatforms) = postSolution
		{1C976602-3737-463D-B07D-4A805EB3433F}.Debug|Win32.ActiveCfg = Debug|Win32
		{1C976602-3737-463D-B07D-4A805EB3433F}.Release|Win32.ActiveCfg = Release|Win32
		{1C976602-3737-463D-B07D-4A805EB3433F}.MinSizeRel|Win32.ActiveCfg = MinSizeRel|Win32
		{1C976602-3737-463D-B07D-4A805EB3433F}.RelWithDebInfo|Win32.ActiveCfg = RelWithDebInfo|Win32
		{BDFFAB89-3D65-4FE0-8B31-D697CB33E195}.Debug|Win32.ActiveCfg = Debug|Win32
		{BDFFAB89-3D65-4FE0-8B31-D697CB33E195}.Debug|Win32.Build.0 = Debug|Win32
		{BDFFAB89-3D65-4FE0-8B31-D697CB33E195}.Release|Win32.ActiveCfg = Release|Win32
		{BDFFAB89-3D65-4FE0-8B31-D697CB33E195}.Release|Win32.Build.0 = Release|Win32
		{BDFFAB89-3D65-4FE0-8B31-D697CB33E195}.MinSizeRel|Win32.ActiveCfg = MinSizeRel|Win32
		{BDFFAB89-3D65-4FE0-8B31-D697CB33E195}.MinSizeRel|Win32.Build.0 = MinSizeRel|Win32
		{BDFFAB89-3D65-4FE0-8B31-D697CB33E195}.RelWithDebInfo|Win32.ActiveCfg = RelWithDebInfo|Win32
		{BDFFAB89-3D65-4FE0-8B31-D697CB33E195}.RelWithDebInfo|Win32.Build.0 = RelWithDebInfo|Win32
		{F149D8D4-F5B6-40F6-9EA9-DCF49DC8E403}.Debug|Win32.ActiveCfg = Debug|Win32
		{F149D8D4-F5B6-40F6-9EA9-DCF49DC8E403}.Debug|Win32.Build.0 = Debug|Win32
		{F149D8D4-F5B6-40F6-9EA9-DCF49DC8E403}.Release|Win32.ActiveCfg = Release|Win32
		{F149D8D4-F5B6-40F6-9EA9-DCF49DC8E403}.Release|Win32.Build.0 = Release|Win32
		{F149D8D4-F5B6-40F6-9EA9-DCF49DC8E403}.MinSizeRel|Win32.ActiveCfg = MinSizeRel|Win32
		{F149D8D4-F5B6-40F6-9EA9-DCF49DC8E403}.MinSizeRel|Win32.Build.0 = MinSizeRel|Win32
		{F149D8D4-F5B6-40F6-9EA9-DCF49DC8E403}.RelWithDebInfo|Win32.ActiveCfg = RelWithDebInfo|Win32
		{F149D8D4-F5B6-40F6-9EA9-DCF49DC8E403}.RelWithDebInfo|Win32.Build.0 = RelWithDebInfo|Win32
		{35D40177-E18D-4905-AA0A-A906955D9106}.Debug|Win32.ActiveCfg = Debug|Win32
		{35D40177-E18D-4905-AA0A-A906955D9106}.Debug|Win32.Build.0 = Debug|Win32
		{35D40177-E18D-4905-AA0A-A906955D9106}.Release|Win32.ActiveCfg = Release|Win32
		{35D40177-E18D-4905-AA0A-A906955D9106}.Release|Win32.Build.0 = Release|Win32
		{35D40177-E18D-4905-AA0A-A906955D9106}.MinSizeRel|Win32.ActiveCfg = MinSizeRel|Win32
		{35D40177-E18D-4905-AA0A-A906955D9106}.MinSizeRel|Win32.Build.0 = MinSizeRel|Win32
		{35D40177-E18D-4905-AA0A-A906955D9106}.RelWithDebInfo|Win32.ActiveCfg = RelWithDebInfo|Win32
		{35D40177-E18D-4905-AA0A-A906955D9106}.RelWithDebInfo|Win32.Build.0 = RelWithDebInfo|Win32
		{0CA5C69B-34F9-4FA4-9441-4F040CD11617}.Debug|Win32.ActiveCfg = Debug|Win32
		{0CA5C69B-34F9-4FA4-9441-4F040CD11617}.Debug|Win32.Build.0 = Debug|Win32
		{0CA5C69B-34F9-4FA4-9441-4F040CD11617}.Release|Win32.ActiveCfg = Release|Win32
		{0CA5C69B-34F9-4FA4-9441-4F040CD11617}.Release|Win32.Build.0 = Release|Win32
		{0CA5C69B-34F9-4FA4-9441-4F040CD11617}.MinSizeRel|Win32.ActiveCfg = MinSizeRel|Win32
		{0CA5C69B-34F9-4FA4-9441-4F040CD11617}.MinSizeRel|Win32.Build.0 = MinSizeRel|Win32
		{0CA5C69B-34F9-4FA4-9441-4F040CD11617}.RelWithDebInfo|Win32.ActiveCfg = RelWithDebInfo|Win32
		{0CA5C69B-34F9-4FA4-9441-4F040CD11617}.RelWithDebInfo|Win32.Build.0 = RelWithDebInfo|Win32
		{975246F0-7B93-436E-990E-24CB2F46EFD9}.Debug|Win32.ActiveCfg = Debug|Win32
		{975246F0-7B93-436E-990E-24CB2F46EFD9}.Debug|Win32.Build.0 = Debug|Win32
		{975246F0-7B93-436E-990E-24CB2F46EFD9}.Release|Win32.ActiveCfg = Release|Win32
		{975246F0-7B93-436E-990E-24CB2F46EFD9}.Release|Win32.Build.0 = Release|Win32
		{975246F0-7B93-436E-990E-24CB2F46EFD9}.MinSizeRel|Win32.ActiveCfg = MinSizeRel|Win32
		{975246F0-7B93-436E-990E-24CB2F46EFD9}.MinSizeRel|Win32.Build.0 = MinSizeRel|Win32
		{975246F0-7B93-436E-990E-24CB2F46EFD9}.RelWithDebInfo|Win32.ActiveCfg = RelWithDebInfo|Win32
		{975246F0-7B93-436E-990E-24CB2F46EFD9}.RelWithDebInfo|Win32.Build.0 = RelWithDebInfo|Win32
		{A992F368-B54D-4BB1-AA05-D137BA794B1D}.Debug|Win32.ActiveCfg = Debug|Win32
		{A992F368-B54D-4BB1-AA05-D137BA794B1D}.Debug|Win32.Build.0 = Debug|Win32
		{A992F368-B54D-4BB1-AA05-D137BA794B1D}.Release|Win32.ActiveCfg = Release|Win32
		{A992F368-B54D-4BB1-AA05-D137BA794B1D}.Release|Win32.Build.0 = Release|Win32
		{A992F368-B54D-4BB1-AA05-D137BA794B1D}.MinSizeRel|Win32.ActiveCfg = MinSizeRel|Win32
		{A992F368-B54D-4BB1-AA05-D137BA794B1D}.MinSizeRel|Win32.Build.0 = MinSizeRel|Win32
		{A992F368-B54D-4BB1-AA05-D137BA794B1D}.RelWithDebInfo|Win32.ActiveCfg = RelWithDebInfo|Win32
		{A992F368-B54D-4BB1-AA05-D137BA794B1D}.RelWithDebInfo|Win32.Build.0 = RelWithDebInfo|Win32
		{C621DD89-8139-4EBA-8B93-3DA17C98BFBD}.Debug|Win32.ActiveCfg = Debug|Win32
		{C621DD89-8139-4EBA-8B93-3DA17C98BFBD}.Debug|Win32.Build.0 = Debug|Win32
		{C621DD89-8139-4EBA-8B93-3DA17C98BFBD}.Release|Win32.ActiveCfg = Release|Win32
		{C621DD89-8139-4EBA-8B93-3DA17C98BFBD}.Release|Win32.Build.0 = Release|Win32
		{C621DD89-8139-4EBA-8B93-3DA17C98BFBD}.MinSizeRel|Win32.ActiveCfg = MinSizeRel|Win32
		{C621DD89-8139-4EBA-8B93-3DA17C98BFBD}.MinSizeRel|Win32.Build.0 = MinSizeRel|Win32
		{C621DD89-8139-4EBA-8B93-3DA17C98BFBD}.RelWithDebInfo|Win32.ActiveCfg = RelWithDebInfo|Win32
		{C621DD89-8139-4EBA-8B93-3DA17C98BFBD}.RelWithDebInfo|Win32.Build.0 = RelWithDebInfo|Win32
		{42CD77EC-DF5F-4111-BD0B-66F84D29F5D8}.Debug|Win32.ActiveCfg = Debug|Win32
		{42CD77EC-DF5F-4111-BD0B-66F84D29F5D8}.Debug|Win32.Build.0 = Debug|Win32
		{42CD77EC-DF5F-4111-BD0B-66F84D29F5D8}.Release|Win32.ActiveCfg = Release|Win32
		{42CD77EC-DF5F-4111-BD0B-66F84D29F5D8}.Release|Win32.Build.0 = Release|Win32
		{42CD77EC-DF5F-4111-BD0B-66F84D29F5D8}.MinSizeRel|Win32.ActiveCfg = MinSizeRel|Win32
		{42CD77EC-DF5F-4111-BD0B-66F84D29F5D8}.MinSizeRel|Win32.Build.0 = MinSizeRel|Win32
		{42CD77EC-DF5F-4111-BD0B-66F84D29F5D8}.RelWithDebInfo|Win32.ActiveCfg = RelWithDebInfo|Win32
		{42CD77EC-DF5F-4111-BD0B-66F84D29F5D8}.RelWithDebInfo|Win32.Build.0 = RelWithDebInfo|Win32
		{360D483C-D5EE-4B18-9EDA-B4EC874D696E}.Debug|Win32.ActiveCfg = Debug|Win32
		{360D483C-D5EE-4B18-9EDA-B4EC874D696E}.Debug|Win32.Build.0 = Debug|Win32
		{360D483C-D5EE-4B18-9EDA-B4EC874D696E}.Release|Win32.ActiveCfg = Release|Win32
		{360D483C-D5EE-4B18-9EDA-B4EC874D696E}.Release|Win32.Build.0 = Release|Win32
		{360D483C-D5EE-4B18-9EDA-B4EC874D696E}.MinSizeRel|Win32.ActiveCfg = MinSizeRel|Win32
		{360D483C-D5EE-4B18-9EDA-B4EC874D696E}.MinSizeRel|Win32.Build.0 = MinSizeRel|Win32
		{360D483C-D5EE-4B18-9EDA-B4EC874D696E}.RelWithDebInfo|Win32.ActiveCfg = RelWithDebInfo|Win32
		{360D483C-D5EE-4B18-9EDA-B4EC874D696E}.RelWithDebInfo|Win32.Build.0 = RelWithDebInfo|Win32
	EndGlobalSection
	GlobalSection(NestedProjects) = preSolution
		{A992F368-B54D-4BB1-AA05-D137BA794B1D} = {D864819A-DDAA-42C6-A339-773C06A34DC1}
		{BDFFAB89-3D65-4FE0-8B31-D697CB33E195} = {DD78F875-4AB5-4816-994D-7CA04A2EF911}
		{35D40177-E18D-4905-AA0A-A906955D9106} = {DD78F875-4AB5-4816-994D-7CA04A2EF911}
		{0CA5C69B-34F9-4FA4-9441-4F040CD11617} = {DD78F875-4AB5-4816-994D-7CA04A2EF911}
		{975246F0-7B93-436E-990E-24CB2F46EFD9} = {DD78F875-4AB5-4816-994D-7CA04A2EF911}
		{F149D8D4-F5B6-40F6-9EA9-DCF49DC8E403} = {316F10BA-4DD4-401A-A777-EBFD9AF708A7}
		{C621DD89-8139-4EBA-8B93-3DA17C98BFBD} = {9FFB1AF3-EF82-4DA6-BB96-40AB58D86834}
		{42CD77EC-DF5F-4111-BD0B-66F84D29F5D8} = {9FFB1AF3-EF82-4DA6-BB96-40AB58D86834}
	EndGlobalSection
	GlobalSection(ExtensibilityGlobals) = postSolution
	EndGlobalSection
	GlobalSection(ExtensibilityAddIns) = postSolution
	EndGlobalSection
EndGlobal
