<?xml version="1.0" encoding="utf-8"?>
<Project ToolsVersion="4.0" xmlns="http://schemas.microsoft.com/developer/msbuild/2003">
  <ItemGroup>
    <Filter Include="Core">
      <UniqueIdentifier>{f2d14287-cd7f-4e92-9930-4f519a5ab2a3}</UniqueIdentifier>
    </Filter>
    <Filter Include="Logic">
      <UniqueIdentifier>{5d84cc1c-b7ca-414d-9824-78a66a0a6d3d}</UniqueIdentifier>
    </Filter>
    <Filter Include="Core\Packet">
      <UniqueIdentifier>{73370b78-e777-4661-9c63-60664e6ef180}</UniqueIdentifier>
    </Filter>
    <Filter Include="Core\System">
      <UniqueIdentifier>{10fc5e95-86df-4598-9b65-2355c40907fe}</UniqueIdentifier>
    </Filter>
  </ItemGroup>
  <ItemGroup>
    <ClCompile Include="Main.cpp" />
    <ClCompile Include="System.cpp">
      <Filter>Core\System</Filter>
    </ClCompile>
  </ItemGroup>
  <ItemGroup>
    <ClInclude Include="Packet.h">
      <Filter>Core\Packet</Filter>
    </ClInclude>
    <ClInclude Include="System.h">
      <Filter>Core\System</Filter>
    </ClInclude>
  </ItemGroup>
</Project>