<?xml version="1.0" encoding="utf-8"?>
<Project ToolsVersion="4.0" xmlns="http://schemas.microsoft.com/developer/msbuild/2003">
  <ItemGroup>
    <ClCompile Include="CircularBuffer.cpp">
      <Filter>Core\Util\CircularBuffer</Filter>
    </ClCompile>
    <ClCompile Include="ClientManager.cpp">
      <Filter>Core\Client\ClientManager</Filter>
    </ClCompile>
    <ClCompile Include="ClientSession.cpp">
      <Filter>Core\Client\ClientSession</Filter>
    </ClCompile>
    <ClCompile Include="DatabaseJobContext.cpp">
      <Filter>Core\Database\DatabaseJobContext</Filter>
    </ClCompile>
    <ClCompile Include="DatabaseJobManager.cpp">
      <Filter>Core\Database\DatabaseJobManager</Filter>
    </ClCompile>
    <ClCompile Include="DbHelper.cpp">
      <Filter>Core\Database\DbHelper</Filter>
    </ClCompile>
    <ClCompile Include="Exception.cpp">
      <Filter>Core\Util\Exception</Filter>
    </ClCompile>
    <ClCompile Include="sqlite3.c">
      <Filter>Core\Util\sqlite3</Filter>
    </ClCompile>
    <ClCompile Include="Player.cpp">
      <Filter>Game\Player</Filter>
    </ClCompile>
    <ClCompile Include="PlayerManager.cpp">
      <Filter>Game\PlayerManager</Filter>
    </ClCompile>
    <ClCompile Include="stdafx.cpp">
      <Filter>PreCompile</Filter>
    </ClCompile>
    <ClCompile Include="UserSession.cpp">
      <Filter>Game\Packet\PacketProcess\UserSession</Filter>
    </ClCompile>
    <ClCompile Include="PlayerInput.cpp">
      <Filter>Game\Packet\PacketProcess\PlayerInput</Filter>
    </ClCompile>
    <ClCompile Include="Main.cpp">
      <Filter>Main</Filter>
    </ClCompile>
    <ClCompile Include="NNZip.cpp">
      <Filter>Core\Util\XML</Filter>
    </ClCompile>
    <ClCompile Include="NNXML.cpp">
      <Filter>Core\Util\XML</Filter>
    </ClCompile>
    <ClCompile Include="NNResourceManager.cpp">
      <Filter>Core\Util\XML</Filter>
    </ClCompile>
    <ClCompile Include="Library\zip\unzip.cpp">
      <Filter>Core\Util\XML\Library</Filter>
    </ClCompile>
    <ClCompile Include="Library\zip\zip.cpp">
      <Filter>Core\Util\XML\Library</Filter>
    </ClCompile>
    <ClCompile Include="Library\TinyXML\action_store.cpp">
      <Filter>Core\Util\XML\Library</Filter>
    </ClCompile>
    <ClCompile Include="Library\TinyXML\htmlutil.cpp">
      <Filter>Core\Util\XML\Library</Filter>
    </ClCompile>
    <ClCompile Include="Library\TinyXML\lex_util.cpp">
      <Filter>Core\Util\XML\Library</Filter>
    </ClCompile>
    <ClCompile Include="Library\TinyXML\node_set.cpp">
      <Filter>Core\Util\XML\Library</Filter>
    </ClCompile>
    <ClCompile Include="Library\TinyXML\tinystr.cpp">
      <Filter>Core\Util\XML\Library</Filter>
    </ClCompile>
    <ClCompile Include="Library\TinyXML\tinyxml.cpp">
      <Filter>Core\Util\XML\Library</Filter>
    </ClCompile>
    <ClCompile Include="Library\TinyXML\tinyxmlerror.cpp">
      <Filter>Core\Util\XML\Library</Filter>
    </ClCompile>
    <ClCompile Include="Library\TinyXML\tinyxmlparser.cpp">
      <Filter>Core\Util\XML\Library</Filter>
    </ClCompile>
    <ClCompile Include="Library\TinyXML\tokenlist.cpp">
      <Filter>Core\Util\XML\Library</Filter>
    </ClCompile>
    <ClCompile Include="Library\TinyXML\xml_util.cpp">
      <Filter>Core\Util\XML\Library</Filter>
    </ClCompile>
    <ClCompile Include="Library\TinyXML\xpath_expression.cpp">
      <Filter>Core\Util\XML\Library</Filter>
    </ClCompile>
    <ClCompile Include="Library\TinyXML\xpath_processor.cpp">
      <Filter>Core\Util\XML\Library</Filter>
    </ClCompile>
    <ClCompile Include="Library\TinyXML\xpath_stack.cpp">
      <Filter>Core\Util\XML\Library</Filter>
    </ClCompile>
    <ClCompile Include="Library\TinyXML\xpath_static.cpp">
      <Filter>Core\Util\XML\Library</Filter>
    </ClCompile>
    <ClCompile Include="Library\TinyXML\xpath_stream.cpp">
      <Filter>Core\Util\XML\Library</Filter>
    </ClCompile>
    <ClCompile Include="Library\TinyXML\xpath_syntax.cpp">
      <Filter>Core\Util\XML\Library</Filter>
    </ClCompile>
    <ClCompile Include="Library\MD5\md5.cpp">
      <Filter>Core\Util\XML\Library</Filter>
    </ClCompile>
    <ClCompile Include="GameMap.cpp">
      <Filter>Game\GameMap</Filter>
    </ClCompile>
    <ClCompile Include="GameManager.cpp">
      <Filter>Game\GameManager</Filter>
    </ClCompile>
    <ClCompile Include="Bullet.cpp">
      <Filter>Game\Bullet</Filter>
    </ClCompile>
    <ClCompile Include="ATypeSkill.cpp">
      <Filter>Game\TypeAttack&amp;Skill\A</Filter>
    </ClCompile>
    <ClCompile Include="EllipseCollisionTest.h">
      <Filter>Game\Bullet</Filter>
    </ClCompile>
    <ClCompile Include="ATypeAttack.cpp">
      <Filter>Game\TypeAttack&amp;Skill\A</Filter>
    </ClCompile>
    <ClCompile Include="BTypeAttack.cpp">
      <Filter>Game\TypeAttack&amp;Skill\B</Filter>
    </ClCompile>
    <ClCompile Include="BTypeSkill.cpp">
      <Filter>Game\TypeAttack&amp;Skill\B</Filter>
    </ClCompile>
    <ClCompile Include="CTypeSkill.cpp">
      <Filter>Game\TypeAttack&amp;Skill\C</Filter>
    </ClCompile>
    <ClCompile Include="CTypeAttack.cpp">
      <Filter>Game\TypeAttack&amp;Skill\C</Filter>
    </ClCompile>
    <ClCompile Include="SkillManager.cpp">
      <Filter>Game\Skill\SkillManager</Filter>
    </ClCompile>
    <ClCompile Include="BulletManager.cpp">
      <Filter>Game\Bullet\BulletManager</Filter>
    </ClCompile>
    <ClCompile Include="ATypeAttackBullet.cpp">
      <Filter>Game\TypeAttack&amp;Skill\A\ATypeAttackBullet</Filter>
    </ClCompile>
    <ClCompile Include="BTypeAttackBullet.cpp">
      <Filter>Game\TypeAttack&amp;Skill\B\BTypeAttackBullet</Filter>
    </ClCompile>
    <ClCompile Include="BTypeSkillBullet.cpp">
      <Filter>Game\TypeAttack&amp;Skill\B\BTypeSkillBullet</Filter>
    </ClCompile>
    <ClCompile Include="CTypeAttackBullet.cpp">
      <Filter>Game\TypeAttack&amp;Skill\C\CTypeAttackBullet</Filter>
    </ClCompile>
    <ClCompile Include="DTypeAttack.cpp">
      <Filter>Game\TypeAttack&amp;Skill\D</Filter>
    </ClCompile>
    <ClCompile Include="DTypeSkill.cpp">
      <Filter>Game\TypeAttack&amp;Skill\D</Filter>
    </ClCompile>
  </ItemGroup>
  <ItemGroup>
    <ClInclude Include="CircularBuffer.h">
      <Filter>Core\Util\CircularBuffer</Filter>
    </ClInclude>
    <ClInclude Include="ClientManager.h">
      <Filter>Core\Client\ClientManager</Filter>
    </ClInclude>
    <ClInclude Include="ClientSession.h">
      <Filter>Core\Client\ClientSession</Filter>
    </ClInclude>
    <ClInclude Include="DatabaseJobContext.h">
      <Filter>Core\Database\DatabaseJobContext</Filter>
    </ClInclude>
    <ClInclude Include="DatabaseJobManager.h">
      <Filter>Core\Database\DatabaseJobManager</Filter>
    </ClInclude>
    <ClInclude Include="DbHelper.h">
      <Filter>Core\Database\DbHelper</Filter>
    </ClInclude>
    <ClInclude Include="Exception.h">
      <Filter>Core\Util\Exception</Filter>
    </ClInclude>
    <ClInclude Include="sqlite3ext.h">
      <Filter>Core\Util\sqlite3</Filter>
    </ClInclude>
    <ClInclude Include="sqlite3.h">
      <Filter>Core\Util\sqlite3</Filter>
    </ClInclude>
    <ClInclude Include="SQLStatement.h">
      <Filter>Core\Database</Filter>
    </ClInclude>
    <ClInclude Include="SPSCQueue.h">
      <Filter>Core\Util</Filter>
    </ClInclude>
    <ClInclude Include="PacketType.h">
      <Filter>Game\Packet</Filter>
    </ClInclude>
    <ClInclude Include="Player.h">
      <Filter>Game\Player</Filter>
    </ClInclude>
    <ClInclude Include="PlayerManager.h">
      <Filter>Game\PlayerManager</Filter>
    </ClInclude>
    <ClInclude Include="Config.h">
      <Filter>Core</Filter>
    </ClInclude>
    <ClInclude Include="ObjectPool.h">
      <Filter>Core</Filter>
    </ClInclude>
    <ClInclude Include="stdafx.h">
      <Filter>PreCompile</Filter>
    </ClInclude>
    <ClInclude Include="targetver.h">
      <Filter>PreCompile</Filter>
    </ClInclude>
    <ClInclude Include="PlayerInput.h">
      <Filter>Game\Packet\PacketProcess\PlayerInput</Filter>
    </ClInclude>
    <ClInclude Include="UserSession.h">
      <Filter>Game\Packet\PacketProcess\UserSession</Filter>
    </ClInclude>
    <ClInclude Include="Main.h">
      <Filter>Main</Filter>
    </ClInclude>
    <ClInclude Include="NNZip.h">
      <Filter>Core\Util\XML</Filter>
    </ClInclude>
    <ClInclude Include="NNXML.h">
      <Filter>Core\Util\XML</Filter>
    </ClInclude>
    <ClInclude Include="NNResourceManager.h">
      <Filter>Core\Util\XML</Filter>
    </ClInclude>
    <ClInclude Include="Library\zip\unzip.h">
      <Filter>Core\Util\XML\Library</Filter>
    </ClInclude>
    <ClInclude Include="Library\zip\zip.h">
      <Filter>Core\Util\XML\Library</Filter>
    </ClInclude>
    <ClInclude Include="Library\TinyXML\action_store.h">
      <Filter>Core\Util\XML\Library</Filter>
    </ClInclude>
    <ClInclude Include="Library\TinyXML\byte_stream.h">
      <Filter>Core\Util\XML\Library</Filter>
    </ClInclude>
    <ClInclude Include="Library\TinyXML\htmlutil.h">
      <Filter>Core\Util\XML\Library</Filter>
    </ClInclude>
    <ClInclude Include="Library\TinyXML\lex_token.h">
      <Filter>Core\Util\XML\Library</Filter>
    </ClInclude>
    <ClInclude Include="Library\TinyXML\lex_util.h">
      <Filter>Core\Util\XML\Library</Filter>
    </ClInclude>
    <ClInclude Include="Library\TinyXML\node_set.h">
      <Filter>Core\Util\XML\Library</Filter>
    </ClInclude>
    <ClInclude Include="Library\TinyXML\tinystr.h">
      <Filter>Core\Util\XML\Library</Filter>
    </ClInclude>
    <ClInclude Include="Library\TinyXML\tinyxml.h">
      <Filter>Core\Util\XML\Library</Filter>
    </ClInclude>
    <ClInclude Include="Library\TinyXML\tinyxpath_conf.h">
      <Filter>Core\Util\XML\Library</Filter>
    </ClInclude>
    <ClInclude Include="Library\TinyXML\tokenlist.h">
      <Filter>Core\Util\XML\Library</Filter>
    </ClInclude>
    <ClInclude Include="Library\TinyXML\xml_util.h">
      <Filter>Core\Util\XML\Library</Filter>
    </ClInclude>
    <ClInclude Include="Library\TinyXML\xpath_expression.h">
      <Filter>Core\Util\XML\Library</Filter>
    </ClInclude>
    <ClInclude Include="Library\TinyXML\xpath_processor.h">
      <Filter>Core\Util\XML\Library</Filter>
    </ClInclude>
    <ClInclude Include="Library\TinyXML\xpath_stack.h">
      <Filter>Core\Util\XML\Library</Filter>
    </ClInclude>
    <ClInclude Include="Library\TinyXML\xpath_static.h">
      <Filter>Core\Util\XML\Library</Filter>
    </ClInclude>
    <ClInclude Include="Library\TinyXML\xpath_stream.h">
      <Filter>Core\Util\XML\Library</Filter>
    </ClInclude>
    <ClInclude Include="Library\TinyXML\xpath_syntax.h">
      <Filter>Core\Util\XML\Library</Filter>
    </ClInclude>
    <ClInclude Include="Library\MD5\md5.h">
      <Filter>Core\Util\XML\Library</Filter>
    </ClInclude>
    <ClInclude Include="GameMap.h">
      <Filter>Game\GameMap</Filter>
    </ClInclude>
    <ClInclude Include="GameManager.h">
      <Filter>Game\GameManager</Filter>
    </ClInclude>
    <ClInclude Include="Bullet.h">
      <Filter>Game\Bullet</Filter>
    </ClInclude>
    <ClInclude Include="ATypeSkill.h">
      <Filter>Game\TypeAttack&amp;Skill\A</Filter>
    </ClInclude>
    <ClInclude Include="Skill.h">
      <Filter>Game\Skill</Filter>
    </ClInclude>
    <ClInclude Include="Skills.h">
      <Filter>Game\Skill</Filter>
    </ClInclude>
    <ClInclude Include="ATypeAttack.h">
      <Filter>Game\TypeAttack&amp;Skill\A</Filter>
    </ClInclude>
    <ClInclude Include="BTypeAttack.h">
      <Filter>Game\TypeAttack&amp;Skill\B</Filter>
    </ClInclude>
    <ClInclude Include="BTypeSkill.h">
      <Filter>Game\TypeAttack&amp;Skill\B</Filter>
    </ClInclude>
    <ClInclude Include="CTypeSkill.h">
      <Filter>Game\TypeAttack&amp;Skill\C</Filter>
    </ClInclude>
    <ClInclude Include="CTypeAttack.h">
      <Filter>Game\TypeAttack&amp;Skill\C</Filter>
    </ClInclude>
    <ClInclude Include="SkillManager.h">
      <Filter>Game\Skill\SkillManager</Filter>
    </ClInclude>
    <ClInclude Include="BulletManager.h">
      <Filter>Game\Bullet\BulletManager</Filter>
    </ClInclude>
    <ClInclude Include="ATypeAttackBullet.h">
      <Filter>Game\TypeAttack&amp;Skill\A\ATypeAttackBullet</Filter>
    </ClInclude>
    <ClInclude Include="BTypeAttackBullet.h">
      <Filter>Game\TypeAttack&amp;Skill\B\BTypeAttackBullet</Filter>
    </ClInclude>
    <ClInclude Include="BTypeSkillBullet.h">
      <Filter>Game\TypeAttack&amp;Skill\B\BTypeSkillBullet</Filter>
    </ClInclude>
    <ClInclude Include="CTypeAttackBullet.h">
      <Filter>Game\TypeAttack&amp;Skill\C\CTypeAttackBullet</Filter>
    </ClInclude>
    <ClInclude Include="DTypeAttack.h">
      <Filter>Game\TypeAttack&amp;Skill\D</Filter>
    </ClInclude>
    <ClInclude Include="DTypeSkill.h">
      <Filter>Game\TypeAttack&amp;Skill\D</Filter>
    </ClInclude>
  </ItemGroup>
  <ItemGroup>
    <Filter Include="Game">
      <UniqueIdentifier>{ebc28d19-ca52-48c6-b372-80b54fe1d764}</UniqueIdentifier>
    </Filter>
    <Filter Include="Game\Packet">
      <UniqueIdentifier>{f6d2e639-0556-45e0-a143-8692d18dead0}</UniqueIdentifier>
    </Filter>
    <Filter Include="Game\Player">
      <UniqueIdentifier>{53b8d721-df4d-4645-9b3a-65178ef23d68}</UniqueIdentifier>
    </Filter>
    <Filter Include="Game\PlayerManager">
      <UniqueIdentifier>{11c1c52d-96b6-45ae-a94d-5c2d6abb922e}</UniqueIdentifier>
    </Filter>
    <Filter Include="PreCompile">
      <UniqueIdentifier>{09292146-0953-43c3-a5d8-5b0c2e42d2c1}</UniqueIdentifier>
    </Filter>
    <Filter Include="Core">
      <UniqueIdentifier>{bd5dda4b-2249-48a5-bd29-886e66e4770b}</UniqueIdentifier>
    </Filter>
    <Filter Include="Core\Database">
      <UniqueIdentifier>{21383708-b675-4659-8cb3-acc2da6a9002}</UniqueIdentifier>
    </Filter>
    <Filter Include="Core\Database\DatabaseJobContext">
      <UniqueIdentifier>{dbfbff2c-ee46-4a8c-84f2-46e3eb2355cb}</UniqueIdentifier>
    </Filter>
    <Filter Include="Core\Database\DatabaseJobManager">
      <UniqueIdentifier>{fb8d5ac6-7f23-48ac-ae42-87bb6bb62a17}</UniqueIdentifier>
    </Filter>
    <Filter Include="Core\Database\DbHelper">
      <UniqueIdentifier>{802b68a7-8504-4aae-8f70-b044bfaff761}</UniqueIdentifier>
    </Filter>
    <Filter Include="Core\Client">
      <UniqueIdentifier>{06e6fe4a-cb04-4953-8565-cbe9321ca52d}</UniqueIdentifier>
    </Filter>
    <Filter Include="Core\Client\ClientSession">
      <UniqueIdentifier>{a3a8d734-b3f3-4c83-adfb-f8e9b5fa826d}</UniqueIdentifier>
    </Filter>
    <Filter Include="Core\Client\ClientManager">
      <UniqueIdentifier>{77506c68-9f8a-4607-bc16-914cff7de7e3}</UniqueIdentifier>
    </Filter>
    <Filter Include="Core\Util">
      <UniqueIdentifier>{52940f35-d8c9-4189-92ce-b616749ab805}</UniqueIdentifier>
    </Filter>
    <Filter Include="Core\Util\sqlite3">
      <UniqueIdentifier>{360cca3b-5a58-49d3-97c7-b67f4c0a090c}</UniqueIdentifier>
    </Filter>
    <Filter Include="Core\Util\CircularBuffer">
      <UniqueIdentifier>{d42c3ca7-bd79-4cc8-8991-e825ce97327d}</UniqueIdentifier>
    </Filter>
    <Filter Include="Core\Util\Exception">
      <UniqueIdentifier>{dba7c159-fd26-486e-a0d1-c134f124ed96}</UniqueIdentifier>
    </Filter>
    <Filter Include="Game\Packet\PacketProcess">
      <UniqueIdentifier>{fc448b86-c160-4813-91ca-3e08e45f9358}</UniqueIdentifier>
    </Filter>
    <Filter Include="Game\Packet\PacketProcess\UserSession">
      <UniqueIdentifier>{418204c7-1d48-41dd-9529-5d6205235ffb}</UniqueIdentifier>
    </Filter>
    <Filter Include="Game\Packet\PacketProcess\PlayerInput">
      <UniqueIdentifier>{8adfdb53-1d6f-4fd6-9f20-9a28f23ba1da}</UniqueIdentifier>
    </Filter>
    <Filter Include="Main">
      <UniqueIdentifier>{8a87a3d1-e1c1-4ae6-b69b-c37dd98a9c73}</UniqueIdentifier>
    </Filter>
    <Filter Include="Core\Util\XML">
      <UniqueIdentifier>{e03b738c-cb8a-4342-b349-52b8819d1761}</UniqueIdentifier>
    </Filter>
    <Filter Include="Core\Util\XML\Library">
      <UniqueIdentifier>{e637f48b-bbaa-4e63-85e7-12de5227fa33}</UniqueIdentifier>
    </Filter>
    <Filter Include="Game\GameMap">
      <UniqueIdentifier>{07d653ee-6b89-420c-85e8-5e82fd7f6fd3}</UniqueIdentifier>
    </Filter>
    <Filter Include="Game\GameManager">
      <UniqueIdentifier>{d7a8d297-71b2-4b95-a7e8-fa2cd0ca4faa}</UniqueIdentifier>
    </Filter>
    <Filter Include="Game\Skill">
      <UniqueIdentifier>{d8ef39e3-d2ee-4bea-8466-c9a5f51ebc5f}</UniqueIdentifier>
    </Filter>
    <Filter Include="Game\Bullet">
      <UniqueIdentifier>{2d9220e0-8c9d-4b90-a70a-24dd318db0ea}</UniqueIdentifier>
    </Filter>
    <Filter Include="Game\UserSkill">
      <UniqueIdentifier>{0d0c697a-795e-4207-a6cf-fa083ede5862}</UniqueIdentifier>
    </Filter>
    <Filter Include="Game\TypeAttack&amp;Skill">
      <UniqueIdentifier>{05cd51dd-94e1-4167-9a65-3850d8913588}</UniqueIdentifier>
    </Filter>
    <Filter Include="Game\TypeAttack&amp;Skill\A">
      <UniqueIdentifier>{f3c8d933-ecfb-47f1-820c-a11b498856fc}</UniqueIdentifier>
    </Filter>
    <Filter Include="Game\TypeAttack&amp;Skill\B">
      <UniqueIdentifier>{f403eeeb-268c-4edc-89f9-fed889f6dd48}</UniqueIdentifier>
    </Filter>
    <Filter Include="Game\TypeAttack&amp;Skill\C">
      <UniqueIdentifier>{fd2e332e-5a97-44d7-9b4d-47a9f0afaf2c}</UniqueIdentifier>
    </Filter>
    <Filter Include="Game\Skill\SkillManager">
      <UniqueIdentifier>{4f9ca94e-2fdc-4ae3-b156-74c7b24c430c}</UniqueIdentifier>
    </Filter>
    <Filter Include="Game\Bullet\BulletManager">
      <UniqueIdentifier>{36e41141-1390-485e-951c-4223ff637c37}</UniqueIdentifier>
    </Filter>
    <Filter Include="Game\TypeAttack&amp;Skill\A\ATypeAttackBullet">
      <UniqueIdentifier>{81bb225a-3a5c-49a2-bd26-d904ca596c55}</UniqueIdentifier>
    </Filter>
    <Filter Include="Game\TypeAttack&amp;Skill\B\BTypeAttackBullet">
      <UniqueIdentifier>{eea5fd37-17a3-4f23-8130-0148a848b413}</UniqueIdentifier>
    </Filter>
    <Filter Include="Game\TypeAttack&amp;Skill\B\BTypeSkillBullet">
      <UniqueIdentifier>{16740a50-0750-492f-a2e1-8533fa788931}</UniqueIdentifier>
    </Filter>
    <Filter Include="Game\TypeAttack&amp;Skill\C\CTypeAttackBullet">
      <UniqueIdentifier>{f8239af7-9197-4d12-ace7-e1b940e26e45}</UniqueIdentifier>
    </Filter>
    <Filter Include="Game\TypeAttack&amp;Skill\D">
      <UniqueIdentifier>{e0cbe3c4-0bb4-4201-91f8-a6a8f35a43eb}</UniqueIdentifier>
    </Filter>
  </ItemGroup>
</Project>